github.com/dimfeld/httptreemux/v5 v5.2.2 h1:8JAUcuNrLbL5uwmvQ4lZVCjuQ/Ioojc+7VGt89aMElU=
github.com/dimfeld/httptreemux/v5 v5.2.2/go.mod h1:QeEylH57C0v3VO0tkKraVz9oD3Uu93CKPnTLbsidvSw=
github.com/issue9/assert v1.3.4 h1:m9O+Nmi0ejRsLaTfQa349WTQtryQYHynBn6DFv6+sNY=
github.com/issue9/assert v1.3.4/go.mod h1:9Ger+iz8X7r1zMYYwEhh++2wMGWcNN2oVI+zIQXxcio=
github.com/issue9/errwrap v0.1.1 h1:akAQ1z726dnwhNzI7eAmCvYXYPbvF6OTGwct/vRVev0=
github.com/issue9/errwrap v0.1.1/go.mod h1:H9mdt7KifDebeRecMn5yt7F25f+4N0V2sqIqyZnNjzQ=
github.com/issue9/localeutil v0.1.0 h1:mEiN2K7jIz2+e9fxu3dNZjhUjrkGAZ/wEmk42L2Rpvw=
github.com/issue9/localeutil v0.1.0/go.mod h1:ltJeDr4L7JMOIG3XaQewL9s0vq5ewQ+NRweFquIRtkY=
github.com/issue9/mux/v2 v2.3.3 h1:j4QWlryuD7G8TZ6mXS/YUmOyGuR2mMHsZ4UmGSnyKz0=
github.com/issue9/mux/v2 v2.3.3/go.mod h1:N/IPsxZe3s/EAyPeCzQPuxjhxR/Rnxi1HnKN7NM8aGo=
github.com/issue9/sliceutil v0.1.0 h1:RSuzHcDJeSz7L++Ujojov9Ac8QcLSbSCcB8iPvM8qG0=
github.com/issue9/sliceutil v0.1.0/go.mod h1:SdCbkqIiNbrNUaNLpd5miXyaaKCwlmV2eucQJ1YDWAw=
github.com/issue9/source v0.1.0 h1:+zbu5kH9Rwhko/DFL4jb7msIjvAail6B/Jy4aLW+B+w=
github.com/issue9/source v0.1.0/go.mod h1:/dQhfcVFiwNLIdXlQZE7i54dbTDOuc7AAT+NEaZZZyQ=
github.com/issue9/utils v1.4.2 h1:zITaLL13mk5foniA7ax2/jW2nITQIihUvSXC8UgJwa4=
github.com/issue9/utils v1.4.2/go.mod h1:nZbYLpptfAymepVcktXMveHOU8zWZxFdVgpRs9wX170=
golang.org/x/text v0.3.3 h1:cokOdA+Jmi5PJGXLlLllQSgYigAEfHXJAERHVMaCc2k=
golang.org/x/text v0.3.3/go.mod h1:5Zoc/QRtKVWzQhOtBMvqHzDpF6irO9z98xDceosuGiQ=
golang.org/x/tools v0.0.0-20180917221912-90fa682c2a6e/go.mod h1:n7NCudcB/nEzxVGmLbDWY5pfWTLqBcC2KZ6jyYvM4mQ=
